
Microsoft Visual Studio Solution File, Format Version 12.00
# Visual Studio Version 16
VisualStudioVersion = 16.0.30907.101
MinimumVisualStudioVersion = 10.0.40219.1
Project("{9A19103F-16F7-4668-BE54-9A1E7A4F7556}") = "DbDataExcel", "DbDataExcel\DbDataExcel.csproj", "{669F5970-EE15-4805-A7A1-CE2E86F2529F}"
EndProject
Project("{9A19103F-16F7-4668-BE54-9A1E7A4F7556}") = "Console", "ConsoleTests\Console.csproj", "{8AEFA11E-1F4E-4DE7-AF68-28EC0132BBA6}"
EndProject
Project("{9A19103F-16F7-4668-BE54-9A1E7A4F7556}") = "FileSystems", "FileSystems\FileSystems.csproj", "{50E3A1AF-445D-4E63-AF46-C46404FEAE10}"
EndProject
Global
	GlobalSection(SolutionConfigurationPlatforms) = preSolution
		Debug|Any CPU = Debug|Any CPU
		Release|Any CPU = Release|Any CPU
	EndGlobalSection
	GlobalSection(ProjectConfigurationPlatforms) = postSolution
		{669F5970-EE15-4805-A7A1-CE2E86F2529F}.Debug|Any CPU.ActiveCfg = Debug|Any CPU
		{669F5970-EE15-4805-A7A1-CE2E86F2529F}.Debug|Any CPU.Build.0 = Debug|Any CPU
		{669F5970-EE15-4805-A7A1-CE2E86F2529F}.Release|Any CPU.ActiveCfg = Release|Any CPU
		{669F5970-EE15-4805-A7A1-CE2E86F2529F}.Release|Any CPU.Build.0 = Release|Any CPU
		{8AEFA11E-1F4E-4DE7-AF68-28EC0132BBA6}.Debug|Any CPU.ActiveCfg = Debug|Any CPU
		{8AEFA11E-1F4E-4DE7-AF68-28EC0132BBA6}.Debug|Any CPU.Build.0 = Debug|Any CPU
		{8AEFA11E-1F4E-4DE7-AF68-28EC0132BBA6}.Release|Any CPU.ActiveCfg = Release|Any CPU
		{8AEFA11E-1F4E-4DE7-AF68-28EC0132BBA6}.Release|Any CPU.Build.0 = Release|Any CPU
		{50E3A1AF-445D-4E63-AF46-C46404FEAE10}.Debug|Any CPU.ActiveCfg = Debug|Any CPU
		{50E3A1AF-445D-4E63-AF46-C46404FEAE10}.Debug|Any CPU.Build.0 = Debug|Any CPU
		{50E3A1AF-445D-4E63-AF46-C46404FEAE10}.Release|Any CPU.ActiveCfg = Release|Any CPU
		{50E3A1AF-445D-4E63-AF46-C46404FEAE10}.Release|Any CPU.Build.0 = Release|Any CPU
	EndGlobalSection
	GlobalSection(SolutionProperties) = preSolution
		HideSolutionNode = FALSE
	EndGlobalSection
	GlobalSection(ExtensibilityGlobals) = postSolution
		SolutionGuid = {AA47D338-1D30-4B69-B7D7-33670F745498}
	EndGlobalSection
EndGlobal
